
Microsoft Visual Studio Solution File, Format Version 12.00
# Visual Studio Version 17
VisualStudioVersion = 17.9.34728.123
MinimumVisualStudioVersion = 10.0.40219.1
Project("{FAE04EC0-301F-11D3-BF4B-00C04F79EFBC}") = "PoC Life Green", "PoC Life Green\PoC Life Green.csproj", "{11888525-0A31-4D62-87D4-1F0954990707}"
EndProject
Global
	GlobalSection(SolutionConfigurationPlatforms) = preSolution
		Debug|Any CPU = Debug|Any CPU
		Release|Any CPU = Release|Any CPU
	EndGlobalSection
	GlobalSection(ProjectConfigurationPlatforms) = postSolution
		{11888525-0A31-4D62-87D4-1F0954990707}.Debug|Any CPU.ActiveCfg = Debug|Any CPU
		{11888525-0A31-4D62-87D4-1F0954990707}.Debug|Any CPU.Build.0 = Debug|Any CPU
		{11888525-0A31-4D62-87D4-1F0954990707}.Release|Any CPU.ActiveCfg = Release|Any CPU
		{11888525-0A31-4D62-87D4-1F0954990707}.Release|Any CPU.Build.0 = Release|Any CPU
	EndGlobalSection
	GlobalSection(SolutionProperties) = preSolution
		HideSolutionNode = FALSE
	EndGlobalSection
	GlobalSection(ExtensibilityGlobals) = postSolution
		SolutionGuid = {73D4CA24-7D1C-42EF-95AF-C30093136580}
	EndGlobalSection
EndGlobal
